// !$*UTF8*$!
{
	archiveVersion = 1;
	classes = {
	};
	objectVersion = 50;
	objects = {

/* Begin PBXBuildFile section */
		9D1B62551E2C40AE568C4319 /* Pods_MealApp.framework in Frameworks */ = {isa = PBXBuildFile; fileRef = E84399C89118D36AD2288191 /* Pods_MealApp.framework */; };
		CF0D541F233B8EA900E14BB2 /* MealModel.swift in Sources */ = {isa = PBXBuildFile; fileRef = CF0D541E233B8EA900E14BB2 /* MealModel.swift */; };
		CF7EE92422E8766400C8CBE0 /* MealListViewController.swift in Sources */ = {isa = PBXBuildFile; fileRef = CF7EE92222E8766400C8CBE0 /* MealListViewController.swift */; };
		CF7EE92522E8766400C8CBE0 /* MealListViewController.xib in Resources */ = {isa = PBXBuildFile; fileRef = CF7EE92322E8766400C8CBE0 /* MealListViewController.xib */; };
		CF7EE92822E87F9B00C8CBE0 /* MealDetailViewController.swift in Sources */ = {isa = PBXBuildFile; fileRef = CF7EE92622E87F9B00C8CBE0 /* MealDetailViewController.swift */; };
		CF7EE92922E87F9B00C8CBE0 /* MealDetailViewController.xib in Resources */ = {isa = PBXBuildFile; fileRef = CF7EE92722E87F9B00C8CBE0 /* MealDetailViewController.xib */; };
		CF8E06AB23291C8C00E9ABF9 /* MealTableViewCell.swift in Sources */ = {isa = PBXBuildFile; fileRef = CF8E06A923291C8C00E9ABF9 /* MealTableViewCell.swift */; };
		CF8E06AC23291C8C00E9ABF9 /* MealTableViewCell.xib in Resources */ = {isa = PBXBuildFile; fileRef = CF8E06AA23291C8C00E9ABF9 /* MealTableViewCell.xib */; };
		CFBF1CF422C38BCA003F3734 /* AppDelegate.swift in Sources */ = {isa = PBXBuildFile; fileRef = CFBF1CF322C38BCA003F3734 /* AppDelegate.swift */; };
		CFBF1CF622C38BCA003F3734 /* ViewController.swift in Sources */ = {isa = PBXBuildFile; fileRef = CFBF1CF522C38BCA003F3734 /* ViewController.swift */; };
		CFBF1CF922C38BCA003F3734 /* Main.storyboard in Resources */ = {isa = PBXBuildFile; fileRef = CFBF1CF722C38BCA003F3734 /* Main.storyboard */; };
		CFBF1CFB22C38BCD003F3734 /* Assets.xcassets in Resources */ = {isa = PBXBuildFile; fileRef = CFBF1CFA22C38BCD003F3734 /* Assets.xcassets */; };
		CFBF1CFE22C38BCD003F3734 /* LaunchScreen.storyboard in Resources */ = {isa = PBXBuildFile; fileRef = CFBF1CFC22C38BCD003F3734 /* LaunchScreen.storyboard */; };
/* End PBXBuildFile section */

/* Begin PBXFileReference section */
		970039ED22E81867B2408EB8 /* Pods-MealApp.debug.xcconfig */ = {isa = PBXFileReference; includeInIndex = 1; lastKnownFileType = text.xcconfig; name = "Pods-MealApp.debug.xcconfig"; path = "Target Support Files/Pods-MealApp/Pods-MealApp.debug.xcconfig"; sourceTree = "<group>"; };
		CF0D541E233B8EA900E14BB2 /* MealModel.swift */ = {isa = PBXFileReference; lastKnownFileType = sourcecode.swift; path = MealModel.swift; sourceTree = "<group>"; };
		CF7EE92222E8766400C8CBE0 /* MealListViewController.swift */ = {isa = PBXFileReference; lastKnownFileType = sourcecode.swift; path = MealListViewController.swift; sourceTree = "<group>"; };
		CF7EE92322E8766400C8CBE0 /* MealListViewController.xib */ = {isa = PBXFileReference; lastKnownFileType = file.xib; path = MealListViewController.xib; sourceTree = "<group>"; };
		CF7EE92622E87F9B00C8CBE0 /* MealDetailViewController.swift */ = {isa = PBXFileReference; lastKnownFileType = sourcecode.swift; path = MealDetailViewController.swift; sourceTree = "<group>"; };
		CF7EE92722E87F9B00C8CBE0 /* MealDetailViewController.xib */ = {isa = PBXFileReference; lastKnownFileType = file.xib; path = MealDetailViewController.xib; sourceTree = "<group>"; };
		CF8E06A923291C8C00E9ABF9 /* MealTableViewCell.swift */ = {isa = PBXFileReference; lastKnownFileType = sourcecode.swift; path = MealTableViewCell.swift; sourceTree = "<group>"; };
		CF8E06AA23291C8C00E9ABF9 /* MealTableViewCell.xib */ = {isa = PBXFileReference; lastKnownFileType = file.xib; path = MealTableViewCell.xib; sourceTree = "<group>"; };
		CFBF1CF022C38BCA003F3734 /* MealApp.app */ = {isa = PBXFileReference; explicitFileType = wrapper.application; includeInIndex = 0; path = MealApp.app; sourceTree = BUILT_PRODUCTS_DIR; };
		CFBF1CF322C38BCA003F3734 /* AppDelegate.swift */ = {isa = PBXFileReference; lastKnownFileType = sourcecode.swift; path = AppDelegate.swift; sourceTree = "<group>"; };
		CFBF1CF522C38BCA003F3734 /* ViewController.swift */ = {isa = PBXFileReference; lastKnownFileType = sourcecode.swift; path = ViewController.swift; sourceTree = "<group>"; };
		CFBF1CF822C38BCA003F3734 /* Base */ = {isa = PBXFileReference; lastKnownFileType = file.storyboard; name = Base; path = Base.lproj/Main.storyboard; sourceTree = "<group>"; };
		CFBF1CFA22C38BCD003F3734 /* Assets.xcassets */ = {isa = PBXFileReference; lastKnownFileType = folder.assetcatalog; path = Assets.xcassets; sourceTree = "<group>"; };
		CFBF1CFD22C38BCD003F3734 /* Base */ = {isa = PBXFileReference; lastKnownFileType = file.storyboard; name = Base; path = Base.lproj/LaunchScreen.storyboard; sourceTree = "<group>"; };
		CFBF1CFF22C38BCD003F3734 /* Info.plist */ = {isa = PBXFileReference; lastKnownFileType = text.plist.xml; path = Info.plist; sourceTree = "<group>"; };
		E1D5A457BEE356ABA290D1AE /* Pods-MealApp.release.xcconfig */ = {isa = PBXFileReference; includeInIndex = 1; lastKnownFileType = text.xcconfig; name = "Pods-MealApp.release.xcconfig"; path = "Target Support Files/Pods-MealApp/Pods-MealApp.release.xcconfig"; sourceTree = "<group>"; };
		E84399C89118D36AD2288191 /* Pods_MealApp.framework */ = {isa = PBXFileReference; explicitFileType = wrapper.framework; includeInIndex = 0; path = Pods_MealApp.framework; sourceTree = BUILT_PRODUCTS_DIR; };
/* End PBXFileReference section */

/* Begin PBXFrameworksBuildPhase section */
		CFBF1CED22C38BCA003F3734 /* Frameworks */ = {
			isa = PBXFrameworksBuildPhase;
			buildActionMask = 2147483647;
			files = (
				9D1B62551E2C40AE568C4319 /* Pods_MealApp.framework in Frameworks */,
			);
			runOnlyForDeploymentPostprocessing = 0;
		};
/* End PBXFrameworksBuildPhase section */

/* Begin PBXGroup section */
		6A452308BE3A3370B5D4249F /* Pods */ = {
			isa = PBXGroup;
			children = (
				970039ED22E81867B2408EB8 /* Pods-MealApp.debug.xcconfig */,
				E1D5A457BEE356ABA290D1AE /* Pods-MealApp.release.xcconfig */,
			);
			name = Pods;
			path = Pods;
			sourceTree = "<group>";
		};
		CF6243A9FD3467440D7D47B5 /* Frameworks */ = {
			isa = PBXGroup;
			children = (
				E84399C89118D36AD2288191 /* Pods_MealApp.framework */,
			);
			name = Frameworks;
			sourceTree = "<group>";
		};
		CF8E06AD23291C9C00E9ABF9 /* MealList */ = {
			isa = PBXGroup;
			children = (
				CF7EE92222E8766400C8CBE0 /* MealListViewController.swift */,
				CF7EE92322E8766400C8CBE0 /* MealListViewController.xib */,
				CF8E06A923291C8C00E9ABF9 /* MealTableViewCell.swift */,
				CF8E06AA23291C8C00E9ABF9 /* MealTableViewCell.xib */,
				CF0D541E233B8EA900E14BB2 /* MealModel.swift */,
			);
			path = MealList;
			sourceTree = "<group>";
		};
		CFBF1CE722C38BCA003F3734 = {
			isa = PBXGroup;
			children = (
				CFBF1CF222C38BCA003F3734 /* MealApp */,
				CFBF1CF122C38BCA003F3734 /* Products */,
				6A452308BE3A3370B5D4249F /* Pods */,
				CF6243A9FD3467440D7D47B5 /* Frameworks */,
			);
			sourceTree = "<group>";
		};
		CFBF1CF122C38BCA003F3734 /* Products */ = {
			isa = PBXGroup;
			children = (
				CFBF1CF022C38BCA003F3734 /* MealApp.app */,
			);
			name = Products;
			sourceTree = "<group>";
		};
		CFBF1CF222C38BCA003F3734 /* MealApp */ = {
			isa = PBXGroup;
			children = (
				CF8E06AD23291C9C00E9ABF9 /* MealList */,
				CFBF1CF322C38BCA003F3734 /* AppDelegate.swift */,
				CFBF1CF522C38BCA003F3734 /* ViewController.swift */,
				CF7EE92622E87F9B00C8CBE0 /* MealDetailViewController.swift */,
				CF7EE92722E87F9B00C8CBE0 /* MealDetailViewController.xib */,
				CFBF1CF722C38BCA003F3734 /* Main.storyboard */,
				CFBF1CFA22C38BCD003F3734 /* Assets.xcassets */,
				CFBF1CFC22C38BCD003F3734 /* LaunchScreen.storyboard */,
				CFBF1CFF22C38BCD003F3734 /* Info.plist */,
			);
			path = MealApp;
			sourceTree = "<group>";
		};
/* End PBXGroup section */

/* Begin PBXNativeTarget section */
		CFBF1CEF22C38BCA003F3734 /* MealApp */ = {
			isa = PBXNativeTarget;
			buildConfigurationList = CFBF1D0222C38BCD003F3734 /* Build configuration list for PBXNativeTarget "MealApp" */;
			buildPhases = (
				1081820CD7AFBD6001BF6527 /* [CP] Check Pods Manifest.lock */,
				CFBF1CEC22C38BCA003F3734 /* Sources */,
				CFBF1CED22C38BCA003F3734 /* Frameworks */,
				CFBF1CEE22C38BCA003F3734 /* Resources */,
				F3D46FD37D1446C819050713 /* [CP] Embed Pods Frameworks */,
			);
			buildRules = (
			);
			dependencies = (
			);
			name = MealApp;
			productName = MealApp;
			productReference = CFBF1CF022C38BCA003F3734 /* MealApp.app */;
			productType = "com.apple.product-type.application";
		};
/* End PBXNativeTarget section */

/* Begin PBXProject section */
		CFBF1CE822C38BCA003F3734 /* Project object */ = {
			isa = PBXProject;
			attributes = {
				LastSwiftUpdateCheck = 1020;
				LastUpgradeCheck = 1020;
				ORGANIZATIONNAME = Pinkoi;
				TargetAttributes = {
					CFBF1CEF22C38BCA003F3734 = {
						CreatedOnToolsVersion = 10.2.1;
					};
				};
			};
			buildConfigurationList = CFBF1CEB22C38BCA003F3734 /* Build configuration list for PBXProject "MealApp" */;
			compatibilityVersion = "Xcode 9.3";
			developmentRegion = en;
			hasScannedForEncodings = 0;
			knownRegions = (
				en,
				Base,
			);
			mainGroup = CFBF1CE722C38BCA003F3734;
			productRefGroup = CFBF1CF122C38BCA003F3734 /* Products */;
			projectDirPath = "";
			projectRoot = "";
			targets = (
				CFBF1CEF22C38BCA003F3734 /* MealApp */,
			);
		};
/* End PBXProject section */

/* Begin PBXResourcesBuildPhase section */
		CFBF1CEE22C38BCA003F3734 /* Resources */ = {
			isa = PBXResourcesBuildPhase;
			buildActionMask = 2147483647;
			files = (
				CFBF1CFE22C38BCD003F3734 /* LaunchScreen.storyboard in Resources */,
				CF7EE92522E8766400C8CBE0 /* MealListViewController.xib in Resources */,
				CF8E06AC23291C8C00E9ABF9 /* MealTableViewCell.xib in Resources */,
				CF7EE92922E87F9B00C8CBE0 /* MealDetailViewController.xib in Resources */,
				CFBF1CFB22C38BCD003F3734 /* Assets.xcassets in Resources */,
				CFBF1CF922C38BCA003F3734 /* Main.storyboard in Resources */,
			);
			runOnlyForDeploymentPostprocessing = 0;
		};
/* End PBXResourcesBuildPhase section */

/* Begin PBXShellScriptBuildPhase section */
		1081820CD7AFBD6001BF6527 /* [CP] Check Pods Manifest.lock */ = {
			isa = PBXShellScriptBuildPhase;
			buildActionMask = 2147483647;
			files = (
			);
			inputFileListPaths = (
			);
			inputPaths = (
				"${PODS_PODFILE_DIR_PATH}/Podfile.lock",
				"${PODS_ROOT}/Manifest.lock",
			);
			name = "[CP] Check Pods Manifest.lock";
			outputFileListPaths = (
			);
			outputPaths = (
				"$(DERIVED_FILE_DIR)/Pods-MealApp-checkManifestLockResult.txt",
			);
			runOnlyForDeploymentPostprocessing = 0;
			shellPath = /bin/sh;
			shellScript = "diff \"${PODS_PODFILE_DIR_PATH}/Podfile.lock\" \"${PODS_ROOT}/Manifest.lock\" > /dev/null\nif [ $? != 0 ] ; then\n    # print error to STDERR\n    echo \"error: The sandbox is not in sync with the Podfile.lock. Run 'pod install' or update your CocoaPods installation.\" >&2\n    exit 1\nfi\n# This output is used by Xcode 'outputs' to avoid re-running this script phase.\necho \"SUCCESS\" > \"${SCRIPT_OUTPUT_FILE_0}\"\n";
			showEnvVarsInLog = 0;
		};
		F3D46FD37D1446C819050713 /* [CP] Embed Pods Frameworks */ = {
			isa = PBXShellScriptBuildPhase;
			buildActionMask = 2147483647;
			files = (
			);
			inputFileListPaths = (
				"${PODS_ROOT}/Target Support Files/Pods-MealApp/Pods-MealApp-frameworks-${CONFIGURATION}-input-files.xcfilelist",
			);
			name = "[CP] Embed Pods Frameworks";
			outputFileListPaths = (
				"${PODS_ROOT}/Target Support Files/Pods-MealApp/Pods-MealApp-frameworks-${CONFIGURATION}-output-files.xcfilelist",
			);
			runOnlyForDeploymentPostprocessing = 0;
			shellPath = /bin/sh;
			shellScript = "\"${PODS_ROOT}/Target Support Files/Pods-MealApp/Pods-MealApp-frameworks.sh\"\n";
			showEnvVarsInLog = 0;
		};
/* End PBXShellScriptBuildPhase section */

/* Begin PBXSourcesBuildPhase section */
		CFBF1CEC22C38BCA003F3734 /* Sources */ = {
			isa = PBXSourcesBuildPhase;
			buildActionMask = 2147483647;
			files = (
				CFBF1CF622C38BCA003F3734 /* ViewController.swift in Sources */,
				CF7EE92422E8766400C8CBE0 /* MealListViewController.swift in Sources */,
				CF7EE92822E87F9B00C8CBE0 /* MealDetailViewController.swift in Sources */,
				CFBF1CF422C38BCA003F3734 /* AppDelegate.swift in Sources */,
				CF0D541F233B8EA900E14BB2 /* MealModel.swift in Sources */,
				CF8E06AB23291C8C00E9ABF9 /* MealTableViewCell.swift in Sources */,
			);
			runOnlyForDeploymentPostprocessing = 0;
		};
/* End PBXSourcesBuildPhase section */

/* Begin PBXVariantGroup section */
		CFBF1CF722C38BCA003F3734 /* Main.storyboard */ = {
			isa = PBXVariantGroup;
			children = (
				CFBF1CF822C38BCA003F3734 /* Base */,
			);
			name = Main.storyboard;
			sourceTree = "<group>";
		};
		CFBF1CFC22C38BCD003F3734 /* LaunchScreen.storyboard */ = {
			isa = PBXVariantGroup;
			children = (
				CFBF1CFD22C38BCD003F3734 /* Base */,
			);
			name = LaunchScreen.storyboard;
			sourceTree = "<group>";
		};
/* End PBXVariantGroup section */

/* Begin XCBuildConfiguration section */
		CFBF1D0022C38BCD003F3734 /* Debug */ = {
			isa = XCBuildConfiguration;
			buildSettings = {
				ALWAYS_SEARCH_USER_PATHS = NO;
				CLANG_ANALYZER_NONNULL = YES;
				CLANG_ANALYZER_NUMBER_OBJECT_CONVERSION = YES_AGGRESSIVE;
				CLANG_CXX_LANGUAGE_STANDARD = "gnu++14";
				CLANG_CXX_LIBRARY = "libc++";
				CLANG_ENABLE_MODULES = YES;
				CLANG_ENABLE_OBJC_ARC = YES;
				CLANG_ENABLE_OBJC_WEAK = YES;
				CLANG_WARN_BLOCK_CAPTURE_AUTORELEASING = YES;
				CLANG_WARN_BOOL_CONVERSION = YES;
				CLANG_WARN_COMMA = YES;
				CLANG_WARN_CONSTANT_CONVERSION = YES;
				CLANG_WARN_DEPRECATED_OBJC_IMPLEMENTATIONS = YES;
				CLANG_WARN_DIRECT_OBJC_ISA_USAGE = YES_ERROR;
				CLANG_WARN_DOCUMENTATION_COMMENTS = YES;
				CLANG_WARN_EMPTY_BODY = YES;
				CLANG_WARN_ENUM_CONVERSION = YES;
				CLANG_WARN_INFINITE_RECURSION = YES;
				CLANG_WARN_INT_CONVERSION = YES;
				CLANG_WARN_NON_LITERAL_NULL_CONVERSION = YES;
				CLANG_WARN_OBJC_IMPLICIT_RETAIN_SELF = YES;
				CLANG_WARN_OBJC_LITERAL_CONVERSION = YES;
				CLANG_WARN_OBJC_ROOT_CLASS = YES_ERROR;
				CLANG_WARN_RANGE_LOOP_ANALYSIS = YES;
				CLANG_WARN_STRICT_PROTOTYPES = YES;
				CLANG_WARN_SUSPICIOUS_MOVE = YES;
				CLANG_WARN_UNGUARDED_AVAILABILITY = YES_AGGRESSIVE;
				CLANG_WARN_UNREACHABLE_CODE = YES;
				CLANG_WARN__DUPLICATE_METHOD_MATCH = YES;
				CODE_SIGN_IDENTITY = "iPhone Developer";
				COPY_PHASE_STRIP = NO;
				DEBUG_INFORMATION_FORMAT = dwarf;
				ENABLE_STRICT_OBJC_MSGSEND = YES;
				ENABLE_TESTABILITY = YES;
				GCC_C_LANGUAGE_STANDARD = gnu11;
				GCC_DYNAMIC_NO_PIC = NO;
				GCC_NO_COMMON_BLOCKS = YES;
				GCC_OPTIMIZATION_LEVEL = 0;
				GCC_PREPROCESSOR_DEFINITIONS = (
					"DEBUG=1",
					"$(inherited)",
				);
				GCC_WARN_64_TO_32_BIT_CONVERSION = YES;
				GCC_WARN_ABOUT_RETURN_TYPE = YES_ERROR;
				GCC_WARN_UNDECLARED_SELECTOR = YES;
				GCC_WARN_UNINITIALIZED_AUTOS = YES_AGGRESSIVE;
				GCC_WARN_UNUSED_FUNCTION = YES;
				GCC_WARN_UNUSED_VARIABLE = YES;
				IPHONEOS_DEPLOYMENT_TARGET = 12.2;
				MTL_ENABLE_DEBUG_INFO = INCLUDE_SOURCE;
				MTL_FAST_MATH = YES;
				ONLY_ACTIVE_ARCH = YES;
				SDKROOT = iphoneos;
				SWIFT_ACTIVE_COMPILATION_CONDITIONS = DEBUG;
				SWIFT_OPTIMIZATION_LEVEL = "-Onone";
			};
			name = Debug;
		};
		CFBF1D0122C38BCD003F3734 /* Release */ = {
			isa = XCBuildConfiguration;
			buildSettings = {
				ALWAYS_SEARCH_USER_PATHS = NO;
				CLANG_ANALYZER_NONNULL = YES;
				CLANG_ANALYZER_NUMBER_OBJECT_CONVERSION = YES_AGGRESSIVE;
				CLANG_CXX_LANGUAGE_STANDARD = "gnu++14";
				CLANG_CXX_LIBRARY = "libc++";
				CLANG_ENABLE_MODULES = YES;
				CLANG_ENABLE_OBJC_ARC = YES;
				CLANG_ENABLE_OBJC_WEAK = YES;
				CLANG_WARN_BLOCK_CAPTURE_AUTORELEASING = YES;
				CLANG_WARN_BOOL_CONVERSION = YES;
				CLANG_WARN_COMMA = YES;
				CLANG_WARN_CONSTANT_CONVERSION = YES;
				CLANG_WARN_DEPRECATED_OBJC_IMPLEMENTATIONS = YES;
				CLANG_WARN_DIRECT_OBJC_ISA_USAGE = YES_ERROR;
				CLANG_WARN_DOCUMENTATION_COMMENTS = YES;
				CLANG_WARN_EMPTY_BODY = YES;
				CLANG_WARN_ENUM_CONVERSION = YES;
				CLANG_WARN_INFINITE_RECURSION = YES;
				CLANG_WARN_INT_CONVERSION = YES;
				CLANG_WARN_NON_LITERAL_NULL_CONVERSION = YES;
				CLANG_WARN_OBJC_IMPLICIT_RETAIN_SELF = YES;
				CLANG_WARN_OBJC_LITERAL_CONVERSION = YES;
				CLANG_WARN_OBJC_ROOT_CLASS = YES_ERROR;
				CLANG_WARN_RANGE_LOOP_ANALYSIS = YES;
				CLANG_WARN_STRICT_PROTOTYPES = YES;
				CLANG_WARN_SUSPICIOUS_MOVE = YES;
				CLANG_WARN_UNGUARDED_AVAILABILITY = YES_AGGRESSIVE;
				CLANG_WARN_UNREACHABLE_CODE = YES;
				CLANG_WARN__DUPLICATE_METHOD_MATCH = YES;
				CODE_SIGN_IDENTITY = "iPhone Developer";
				COPY_PHASE_STRIP = NO;
				DEBUG_INFORMATION_FORMAT = "dwarf-with-dsym";
				ENABLE_NS_ASSERTIONS = NO;
				ENABLE_STRICT_OBJC_MSGSEND = YES;
				GCC_C_LANGUAGE_STANDARD = gnu11;
				GCC_NO_COMMON_BLOCKS = YES;
				GCC_WARN_64_TO_32_BIT_CONVERSION = YES;
				GCC_WARN_ABOUT_RETURN_TYPE = YES_ERROR;
				GCC_WARN_UNDECLARED_SELECTOR = YES;
				GCC_WARN_UNINITIALIZED_AUTOS = YES_AGGRESSIVE;
				GCC_WARN_UNUSED_FUNCTION = YES;
				GCC_WARN_UNUSED_VARIABLE = YES;
				IPHONEOS_DEPLOYMENT_TARGET = 12.2;
				MTL_ENABLE_DEBUG_INFO = NO;
				MTL_FAST_MATH = YES;
				SDKROOT = iphoneos;
				SWIFT_COMPILATION_MODE = wholemodule;
				SWIFT_OPTIMIZATION_LEVEL = "-O";
				VALIDATE_PRODUCT = YES;
			};
			name = Release;
		};
		CFBF1D0322C38BCD003F3734 /* Debug */ = {
			isa = XCBuildConfiguration;
			baseConfigurationReference = 970039ED22E81867B2408EB8 /* Pods-MealApp.debug.xcconfig */;
			buildSettings = {
				ASSETCATALOG_COMPILER_APPICON_NAME = AppIcon;
				CODE_SIGN_STYLE = Automatic;
				INFOPLIST_FILE = MealApp/Info.plist;
				LD_RUNPATH_SEARCH_PATHS = (
					"$(inherited)",
					"@executable_path/Frameworks",
				);
				PRODUCT_BUNDLE_IDENTIFIER = PinkoiTest.MealApp;
				PRODUCT_NAME = "$(TARGET_NAME)";
				SWIFT_VERSION = 5.0;
				TARGETED_DEVICE_FAMILY = "1,2";
			};
			name = Debug;
		};
		CFBF1D0422C38BCD003F3734 /* Release */ = {
			isa = XCBuildConfiguration;
			baseConfigurationReference = E1D5A457BEE356ABA290D1AE /* Pods-MealApp.release.xcconfig */;
			buildSettings = {
				ASSETCATALOG_COMPILER_APPICON_NAME = AppIcon;
				CODE_SIGN_STYLE = Automatic;
				INFOPLIST_FILE = MealApp/Info.plist;
				LD_RUNPATH_SEARCH_PATHS = (
					"$(inherited)",
					"@executable_path/Frameworks",
				);
				PRODUCT_BUNDLE_IDENTIFIER = PinkoiTest.MealApp;
				PRODUCT_NAME = "$(TARGET_NAME)";
				SWIFT_VERSION = 5.0;
				TARGETED_DEVICE_FAMILY = "1,2";
			};
			name = Release;
		};
/* End XCBuildConfiguration section */

/* Begin XCConfigurationList section */
		CFBF1CEB22C38BCA003F3734 /* Build configuration list for PBXProject "MealApp" */ = {
			isa = XCConfigurationList;
			buildConfigurations = (
				CFBF1D0022C38BCD003F3734 /* Debug */,
				CFBF1D0122C38BCD003F3734 /* Release */,
			);
			defaultConfigurationIsVisible = 0;
			defaultConfigurationName = Release;
		};
		CFBF1D0222C38BCD003F3734 /* Build configuration list for PBXNativeTarget "MealApp" */ = {
			isa = XCConfigurationList;
			buildConfigurations = (
				CFBF1D0322C38BCD003F3734 /* Debug */,
				CFBF1D0422C38BCD003F3734 /* Release */,
			);
			defaultConfigurationIsVisible = 0;
			defaultConfigurationName = Release;
		};
/* End XCConfigurationList section */
	};
	rootObject = CFBF1CE822C38BCA003F3734 /* Project object */;
}
